// !$*UTF8*$!
{
	archiveVersion = 1;
	classes = {
	};
	objectVersion = 56;
	objects = {

/* Begin PBXBuildFile section */
		EF6836352B66DA4C0064A764 /* TopMoviePreview.swift in Sources */ = {isa = PBXBuildFile; fileRef = EF6836342B66DA4C0064A764 /* TopMoviePreview.swift */; };
		EF6836372B66F8850064A764 /* SmallVerticalButton.swift in Sources */ = {isa = PBXBuildFile; fileRef = EF6836362B66F8850064A764 /* SmallVerticalButton.swift */; };
		EF6836392B66FBEF0064A764 /* WhiteButton.swift in Sources */ = {isa = PBXBuildFile; fileRef = EF6836382B66FBEF0064A764 /* WhiteButton.swift */; };
		EF8BC2502B63061200D3D98F /* NetflixCloneApp.swift in Sources */ = {isa = PBXBuildFile; fileRef = EF8BC24F2B63061200D3D98F /* NetflixCloneApp.swift */; };
		EF8BC2522B63061200D3D98F /* ContentView.swift in Sources */ = {isa = PBXBuildFile; fileRef = EF8BC2512B63061200D3D98F /* ContentView.swift */; };
		EF8BC2542B63061400D3D98F /* Assets.xcassets in Resources */ = {isa = PBXBuildFile; fileRef = EF8BC2532B63061400D3D98F /* Assets.xcassets */; };
		EF8BC2572B63061400D3D98F /* Preview Assets.xcassets in Resources */ = {isa = PBXBuildFile; fileRef = EF8BC2562B63061400D3D98F /* Preview Assets.xcassets */; };
		EF8BC25E2B63067A00D3D98F /* HomeView.swift in Sources */ = {isa = PBXBuildFile; fileRef = EF8BC25D2B63067A00D3D98F /* HomeView.swift */; };
		EF8BC2622B63090F00D3D98F /* Kingfisher in Frameworks */ = {isa = PBXBuildFile; productRef = EF8BC2612B63090F00D3D98F /* Kingfisher */; };
		EF8BC2642B63096500D3D98F /* Movie.swift in Sources */ = {isa = PBXBuildFile; fileRef = EF8BC2632B63096500D3D98F /* Movie.swift */; };
		EFDF8C562B630C1000DCBB22 /* StandartHomeMovie.swift in Sources */ = {isa = PBXBuildFile; fileRef = EFDF8C552B630C1000DCBB22 /* StandartHomeMovie.swift */; };
		EFDF8C582B630C6000DCBB22 /* GlobalHelpers.swift in Sources */ = {isa = PBXBuildFile; fileRef = EFDF8C572B630C6000DCBB22 /* GlobalHelpers.swift */; };
		EFDF8C5A2B6312C700DCBB22 /* HomeViewModel.swift in Sources */ = {isa = PBXBuildFile; fileRef = EFDF8C592B6312C700DCBB22 /* HomeViewModel.swift */; };
/* End PBXBuildFile section */

/* Begin PBXFileReference section */
		EF6836342B66DA4C0064A764 /* TopMoviePreview.swift */ = {isa = PBXFileReference; lastKnownFileType = sourcecode.swift; path = TopMoviePreview.swift; sourceTree = "<group>"; };
		EF6836362B66F8850064A764 /* SmallVerticalButton.swift */ = {isa = PBXFileReference; lastKnownFileType = sourcecode.swift; path = SmallVerticalButton.swift; sourceTree = "<group>"; };
		EF6836382B66FBEF0064A764 /* WhiteButton.swift */ = {isa = PBXFileReference; lastKnownFileType = sourcecode.swift; path = WhiteButton.swift; sourceTree = "<group>"; };
		EF8BC24C2B63061200D3D98F /* NetflixClone.app */ = {isa = PBXFileReference; explicitFileType = wrapper.application; includeInIndex = 0; path = NetflixClone.app; sourceTree = BUILT_PRODUCTS_DIR; };
		EF8BC24F2B63061200D3D98F /* NetflixCloneApp.swift */ = {isa = PBXFileReference; lastKnownFileType = sourcecode.swift; path = NetflixCloneApp.swift; sourceTree = "<group>"; };
		EF8BC2512B63061200D3D98F /* ContentView.swift */ = {isa = PBXFileReference; lastKnownFileType = sourcecode.swift; path = ContentView.swift; sourceTree = "<group>"; };
		EF8BC2532B63061400D3D98F /* Assets.xcassets */ = {isa = PBXFileReference; lastKnownFileType = folder.assetcatalog; path = Assets.xcassets; sourceTree = "<group>"; };
		EF8BC2562B63061400D3D98F /* Preview Assets.xcassets */ = {isa = PBXFileReference; lastKnownFileType = folder.assetcatalog; path = "Preview Assets.xcassets"; sourceTree = "<group>"; };
		EF8BC25D2B63067A00D3D98F /* HomeView.swift */ = {isa = PBXFileReference; lastKnownFileType = sourcecode.swift; path = HomeView.swift; sourceTree = "<group>"; };
		EF8BC2632B63096500D3D98F /* Movie.swift */ = {isa = PBXFileReference; lastKnownFileType = sourcecode.swift; path = Movie.swift; sourceTree = "<group>"; };
		EFDF8C552B630C1000DCBB22 /* StandartHomeMovie.swift */ = {isa = PBXFileReference; lastKnownFileType = sourcecode.swift; path = StandartHomeMovie.swift; sourceTree = "<group>"; };
		EFDF8C572B630C6000DCBB22 /* GlobalHelpers.swift */ = {isa = PBXFileReference; lastKnownFileType = sourcecode.swift; path = GlobalHelpers.swift; sourceTree = "<group>"; };
		EFDF8C592B6312C700DCBB22 /* HomeViewModel.swift */ = {isa = PBXFileReference; lastKnownFileType = sourcecode.swift; path = HomeViewModel.swift; sourceTree = "<group>"; };
/* End PBXFileReference section */

/* Begin PBXFrameworksBuildPhase section */
		EF8BC2492B63061200D3D98F /* Frameworks */ = {
			isa = PBXFrameworksBuildPhase;
			buildActionMask = 2147483647;
			files = (
				EF8BC2622B63090F00D3D98F /* Kingfisher in Frameworks */,
			);
			runOnlyForDeploymentPostprocessing = 0;
		};
/* End PBXFrameworksBuildPhase section */

/* Begin PBXGroup section */
		EF8BC2432B63061100D3D98F = {
			isa = PBXGroup;
			children = (
				EF8BC24E2B63061200D3D98F /* NetflixClone */,
				EF8BC24D2B63061200D3D98F /* Products */,
			);
			sourceTree = "<group>";
		};
		EF8BC24D2B63061200D3D98F /* Products */ = {
			isa = PBXGroup;
			children = (
				EF8BC24C2B63061200D3D98F /* NetflixClone.app */,
			);
			name = Products;
			sourceTree = "<group>";
		};
		EF8BC24E2B63061200D3D98F /* NetflixClone */ = {
			isa = PBXGroup;
			children = (
				EF8BC25F2B63068600D3D98F /* Home */,
				EF8BC24F2B63061200D3D98F /* NetflixCloneApp.swift */,
				EF8BC2512B63061200D3D98F /* ContentView.swift */,
				EF8BC2532B63061400D3D98F /* Assets.xcassets */,
				EF8BC2552B63061400D3D98F /* Preview Content */,
				EFDF8C572B630C6000DCBB22 /* GlobalHelpers.swift */,
			);
			path = NetflixClone;
			sourceTree = "<group>";
		};
		EF8BC2552B63061400D3D98F /* Preview Content */ = {
			isa = PBXGroup;
			children = (
				EF8BC2562B63061400D3D98F /* Preview Assets.xcassets */,
			);
			path = "Preview Content";
			sourceTree = "<group>";
		};
		EF8BC25F2B63068600D3D98F /* Home */ = {
			isa = PBXGroup;
			children = (
				EF8BC25D2B63067A00D3D98F /* HomeView.swift */,
				EF8BC2632B63096500D3D98F /* Movie.swift */,
				EFDF8C552B630C1000DCBB22 /* StandartHomeMovie.swift */,
				EFDF8C592B6312C700DCBB22 /* HomeViewModel.swift */,
				EF6836342B66DA4C0064A764 /* TopMoviePreview.swift */,
				EF6836362B66F8850064A764 /* SmallVerticalButton.swift */,
				EF6836382B66FBEF0064A764 /* WhiteButton.swift */,
			);
			path = Home;
			sourceTree = "<group>";
		};
/* End PBXGroup section */

/* Begin PBXNativeTarget section */
		EF8BC24B2B63061200D3D98F /* NetflixClone */ = {
			isa = PBXNativeTarget;
			buildConfigurationList = EF8BC25A2B63061400D3D98F /* Build configuration list for PBXNativeTarget "NetflixClone" */;
			buildPhases = (
				EF8BC2482B63061200D3D98F /* Sources */,
				EF8BC2492B63061200D3D98F /* Frameworks */,
				EF8BC24A2B63061200D3D98F /* Resources */,
			);
			buildRules = (
			);
			dependencies = (
			);
			name = NetflixClone;
			packageProductDependencies = (
				EF8BC2612B63090F00D3D98F /* Kingfisher */,
			);
			productName = NetflixClone;
			productReference = EF8BC24C2B63061200D3D98F /* NetflixClone.app */;
			productType = "com.apple.product-type.application";
		};
/* End PBXNativeTarget section */

/* Begin PBXProject section */
		EF8BC2442B63061100D3D98F /* Project object */ = {
			isa = PBXProject;
			attributes = {
				BuildIndependentTargetsInParallel = 1;
				LastSwiftUpdateCheck = 1430;
				LastUpgradeCheck = 1430;
				TargetAttributes = {
					EF8BC24B2B63061200D3D98F = {
						CreatedOnToolsVersion = 14.3.1;
					};
				};
			};
			buildConfigurationList = EF8BC2472B63061100D3D98F /* Build configuration list for PBXProject "NetflixClone" */;
			compatibilityVersion = "Xcode 14.0";
			developmentRegion = en;
			hasScannedForEncodings = 0;
			knownRegions = (
				en,
				Base,
			);
			mainGroup = EF8BC2432B63061100D3D98F;
			packageReferences = (
				EF8BC2602B63090E00D3D98F /* XCRemoteSwiftPackageReference "Kingfisher" */,
			);
			productRefGroup = EF8BC24D2B63061200D3D98F /* Products */;
			projectDirPath = "";
			projectRoot = "";
			targets = (
				EF8BC24B2B63061200D3D98F /* NetflixClone */,
			);
		};
/* End PBXProject section */

/* Begin PBXResourcesBuildPhase section */
		EF8BC24A2B63061200D3D98F /* Resources */ = {
			isa = PBXResourcesBuildPhase;
			buildActionMask = 2147483647;
			files = (
				EF8BC2572B63061400D3D98F /* Preview Assets.xcassets in Resources */,
				EF8BC2542B63061400D3D98F /* Assets.xcassets in Resources */,
			);
			runOnlyForDeploymentPostprocessing = 0;
		};
/* End PBXResourcesBuildPhase section */

/* Begin PBXSourcesBuildPhase section */
		EF8BC2482B63061200D3D98F /* Sources */ = {
			isa = PBXSourcesBuildPhase;
			buildActionMask = 2147483647;
			files = (
				EFDF8C582B630C6000DCBB22 /* GlobalHelpers.swift in Sources */,
				EF8BC25E2B63067A00D3D98F /* HomeView.swift in Sources */,
				EFDF8C5A2B6312C700DCBB22 /* HomeViewModel.swift in Sources */,
				EF8BC2522B63061200D3D98F /* ContentView.swift in Sources */,
				EF8BC2642B63096500D3D98F /* Movie.swift in Sources */,
				EF6836352B66DA4C0064A764 /* TopMoviePreview.swift in Sources */,
				EFDF8C562B630C1000DCBB22 /* StandartHomeMovie.swift in Sources */,
				EF8BC2502B63061200D3D98F /* NetflixCloneApp.swift in Sources */,
				EF6836372B66F8850064A764 /* SmallVerticalButton.swift in Sources */,
				EF6836392B66FBEF0064A764 /* WhiteButton.swift in Sources */,
			);
			runOnlyForDeploymentPostprocessing = 0;
		};
/* End PBXSourcesBuildPhase section */

/* Begin XCBuildConfiguration section */
		EF8BC2582B63061400D3D98F /* Debug */ = {
			isa = XCBuildConfiguration;
			buildSettings = {
				ALWAYS_SEARCH_USER_PATHS = NO;
				CLANG_ANALYZER_NONNULL = YES;
				CLANG_ANALYZER_NUMBER_OBJECT_CONVERSION = YES_AGGRESSIVE;
				CLANG_CXX_LANGUAGE_STANDARD = "gnu++20";
				CLANG_ENABLE_MODULES = YES;
				CLANG_ENABLE_OBJC_ARC = YES;
				CLANG_ENABLE_OBJC_WEAK = YES;
				CLANG_WARN_BLOCK_CAPTURE_AUTORELEASING = YES;
				CLANG_WARN_BOOL_CONVERSION = YES;
				CLANG_WARN_COMMA = YES;
				CLANG_WARN_CONSTANT_CONVERSION = YES;
				CLANG_WARN_DEPRECATED_OBJC_IMPLEMENTATIONS = YES;
				CLANG_WARN_DIRECT_OBJC_ISA_USAGE = YES_ERROR;
				CLANG_WARN_DOCUMENTATION_COMMENTS = YES;
				CLANG_WARN_EMPTY_BODY = YES;
				CLANG_WARN_ENUM_CONVERSION = YES;
				CLANG_WARN_INFINITE_RECURSION = YES;
				CLANG_WARN_INT_CONVERSION = YES;
				CLANG_WARN_NON_LITERAL_NULL_CONVERSION = YES;
				CLANG_WARN_OBJC_IMPLICIT_RETAIN_SELF = YES;
				CLANG_WARN_OBJC_LITERAL_CONVERSION = YES;
				CLANG_WARN_OBJC_ROOT_CLASS = YES_ERROR;
				CLANG_WARN_QUOTED_INCLUDE_IN_FRAMEWORK_HEADER = YES;
				CLANG_WARN_RANGE_LOOP_ANALYSIS = YES;
				CLANG_WARN_STRICT_PROTOTYPES = YES;
				CLANG_WARN_SUSPICIOUS_MOVE = YES;
				CLANG_WARN_UNGUARDED_AVAILABILITY = YES_AGGRESSIVE;
				CLANG_WARN_UNREACHABLE_CODE = YES;
				CLANG_WARN__DUPLICATE_METHOD_MATCH = YES;
				COPY_PHASE_STRIP = NO;
				DEBUG_INFORMATION_FORMAT = dwarf;
				ENABLE_STRICT_OBJC_MSGSEND = YES;
				ENABLE_TESTABILITY = YES;
				GCC_C_LANGUAGE_STANDARD = gnu11;
				GCC_DYNAMIC_NO_PIC = NO;
				GCC_NO_COMMON_BLOCKS = YES;
				GCC_OPTIMIZATION_LEVEL = 0;
				GCC_PREPROCESSOR_DEFINITIONS = (
					"DEBUG=1",
					"$(inherited)",
				);
				GCC_WARN_64_TO_32_BIT_CONVERSION = YES;
				GCC_WARN_ABOUT_RETURN_TYPE = YES_ERROR;
				GCC_WARN_UNDECLARED_SELECTOR = YES;
				GCC_WARN_UNINITIALIZED_AUTOS = YES_AGGRESSIVE;
				GCC_WARN_UNUSED_FUNCTION = YES;
				GCC_WARN_UNUSED_VARIABLE = YES;
				IPHONEOS_DEPLOYMENT_TARGET = 16.4;
				MTL_ENABLE_DEBUG_INFO = INCLUDE_SOURCE;
				MTL_FAST_MATH = YES;
				ONLY_ACTIVE_ARCH = YES;
				SDKROOT = iphoneos;
				SWIFT_ACTIVE_COMPILATION_CONDITIONS = DEBUG;
				SWIFT_OPTIMIZATION_LEVEL = "-Onone";
			};
			name = Debug;
		};
		EF8BC2592B63061400D3D98F /* Release */ = {
			isa = XCBuildConfiguration;
			buildSettings = {
				ALWAYS_SEARCH_USER_PATHS = NO;
				CLANG_ANALYZER_NONNULL = YES;
				CLANG_ANALYZER_NUMBER_OBJECT_CONVERSION = YES_AGGRESSIVE;
				CLANG_CXX_LANGUAGE_STANDARD = "gnu++20";
				CLANG_ENABLE_MODULES = YES;
				CLANG_ENABLE_OBJC_ARC = YES;
				CLANG_ENABLE_OBJC_WEAK = YES;
				CLANG_WARN_BLOCK_CAPTURE_AUTORELEASING = YES;
				CLANG_WARN_BOOL_CONVERSION = YES;
				CLANG_WARN_COMMA = YES;
				CLANG_WARN_CONSTANT_CONVERSION = YES;
				CLANG_WARN_DEPRECATED_OBJC_IMPLEMENTATIONS = YES;
				CLANG_WARN_DIRECT_OBJC_ISA_USAGE = YES_ERROR;
				CLANG_WARN_DOCUMENTATION_COMMENTS = YES;
				CLANG_WARN_EMPTY_BODY = YES;
				CLANG_WARN_ENUM_CONVERSION = YES;
				CLANG_WARN_INFINITE_RECURSION = YES;
				CLANG_WARN_INT_CONVERSION = YES;
				CLANG_WARN_NON_LITERAL_NULL_CONVERSION = YES;
				CLANG_WARN_OBJC_IMPLICIT_RETAIN_SELF = YES;
				CLANG_WARN_OBJC_LITERAL_CONVERSION = YES;
				CLANG_WARN_OBJC_ROOT_CLASS = YES_ERROR;
				CLANG_WARN_QUOTED_INCLUDE_IN_FRAMEWORK_HEADER = YES;
				CLANG_WARN_RANGE_LOOP_ANALYSIS = YES;
				CLANG_WARN_STRICT_PROTOTYPES = YES;
				CLANG_WARN_SUSPICIOUS_MOVE = YES;
				CLANG_WARN_UNGUARDED_AVAILABILITY = YES_AGGRESSIVE;
				CLANG_WARN_UNREACHABLE_CODE = YES;
				CLANG_WARN__DUPLICATE_METHOD_MATCH = YES;
				COPY_PHASE_STRIP = NO;
				DEBUG_INFORMATION_FORMAT = "dwarf-with-dsym";
				ENABLE_NS_ASSERTIONS = NO;
				ENABLE_STRICT_OBJC_MSGSEND = YES;
				GCC_C_LANGUAGE_STANDARD = gnu11;
				GCC_NO_COMMON_BLOCKS = YES;
				GCC_WARN_64_TO_32_BIT_CONVERSION = YES;
				GCC_WARN_ABOUT_RETURN_TYPE = YES_ERROR;
				GCC_WARN_UNDECLARED_SELECTOR = YES;
				GCC_WARN_UNINITIALIZED_AUTOS = YES_AGGRESSIVE;
				GCC_WARN_UNUSED_FUNCTION = YES;
				GCC_WARN_UNUSED_VARIABLE = YES;
				IPHONEOS_DEPLOYMENT_TARGET = 16.4;
				MTL_ENABLE_DEBUG_INFO = NO;
				MTL_FAST_MATH = YES;
				SDKROOT = iphoneos;
				SWIFT_COMPILATION_MODE = wholemodule;
				SWIFT_OPTIMIZATION_LEVEL = "-O";
				VALIDATE_PRODUCT = YES;
			};
			name = Release;
		};
		EF8BC25B2B63061400D3D98F /* Debug */ = {
			isa = XCBuildConfiguration;
			buildSettings = {
				ASSETCATALOG_COMPILER_APPICON_NAME = AppIcon;
				ASSETCATALOG_COMPILER_GLOBAL_ACCENT_COLOR_NAME = AccentColor;
				CODE_SIGN_STYLE = Automatic;
				CURRENT_PROJECT_VERSION = 1;
				DEVELOPMENT_ASSET_PATHS = "\"NetflixClone/Preview Content\"";
				DEVELOPMENT_TEAM = QMVBBTV7HW;
				ENABLE_PREVIEWS = YES;
				GENERATE_INFOPLIST_FILE = YES;
				INFOPLIST_KEY_UIApplicationSceneManifest_Generation = YES;
				INFOPLIST_KEY_UIApplicationSupportsIndirectInputEvents = YES;
				INFOPLIST_KEY_UILaunchScreen_Generation = YES;
				INFOPLIST_KEY_UISupportedInterfaceOrientations_iPad = "UIInterfaceOrientationPortrait UIInterfaceOrientationPortraitUpsideDown UIInterfaceOrientationLandscapeLeft UIInterfaceOrientationLandscapeRight";
				INFOPLIST_KEY_UISupportedInterfaceOrientations_iPhone = "UIInterfaceOrientationPortrait UIInterfaceOrientationLandscapeLeft UIInterfaceOrientationLandscapeRight";
				LD_RUNPATH_SEARCH_PATHS = (
					"$(inherited)",
					"@executable_path/Frameworks",
				);
				MARKETING_VERSION = 1.0;
				PRODUCT_BUNDLE_IDENTIFIER = "Yevhenii-Huts.NetflixClone";
				PRODUCT_NAME = "$(TARGET_NAME)";
				SWIFT_EMIT_LOC_STRINGS = YES;
				SWIFT_VERSION = 5.0;
				TARGETED_DEVICE_FAMILY = "1,2";
			};
			name = Debug;
		};
		EF8BC25C2B63061400D3D98F /* Release */ = {
			isa = XCBuildConfiguration;
			buildSettings = {
				ASSETCATALOG_COMPILER_APPICON_NAME = AppIcon;
				ASSETCATALOG_COMPILER_GLOBAL_ACCENT_COLOR_NAME = AccentColor;
				CODE_SIGN_STYLE = Automatic;
				CURRENT_PROJECT_VERSION = 1;
				DEVELOPMENT_ASSET_PATHS = "\"NetflixClone/Preview Content\"";
				DEVELOPMENT_TEAM = QMVBBTV7HW;
				ENABLE_PREVIEWS = YES;
				GENERATE_INFOPLIST_FILE = YES;
				INFOPLIST_KEY_UIApplicationSceneManifest_Generation = YES;
				INFOPLIST_KEY_UIApplicationSupportsIndirectInputEvents = YES;
				INFOPLIST_KEY_UILaunchScreen_Generation = YES;
				INFOPLIST_KEY_UISupportedInterfaceOrientations_iPad = "UIInterfaceOrientationPortrait UIInterfaceOrientationPortraitUpsideDown UIInterfaceOrientationLandscapeLeft UIInterfaceOrientationLandscapeRight";
				INFOPLIST_KEY_UISupportedInterfaceOrientations_iPhone = "UIInterfaceOrientationPortrait UIInterfaceOrientationLandscapeLeft UIInterfaceOrientationLandscapeRight";
				LD_RUNPATH_SEARCH_PATHS = (
					"$(inherited)",
					"@executable_path/Frameworks",
				);
				MARKETING_VERSION = 1.0;
				PRODUCT_BUNDLE_IDENTIFIER = "Yevhenii-Huts.NetflixClone";
				PRODUCT_NAME = "$(TARGET_NAME)";
				SWIFT_EMIT_LOC_STRINGS = YES;
				SWIFT_VERSION = 5.0;
				TARGETED_DEVICE_FAMILY = "1,2";
			};
			name = Release;
		};
/* End XCBuildConfiguration section */

/* Begin XCConfigurationList section */
		EF8BC2472B63061100D3D98F /* Build configuration list for PBXProject "NetflixClone" */ = {
			isa = XCConfigurationList;
			buildConfigurations = (
				EF8BC2582B63061400D3D98F /* Debug */,
				EF8BC2592B63061400D3D98F /* Release */,
			);
			defaultConfigurationIsVisible = 0;
			defaultConfigurationName = Release;
		};
		EF8BC25A2B63061400D3D98F /* Build configuration list for PBXNativeTarget "NetflixClone" */ = {
			isa = XCConfigurationList;
			buildConfigurations = (
				EF8BC25B2B63061400D3D98F /* Debug */,
				EF8BC25C2B63061400D3D98F /* Release */,
			);
			defaultConfigurationIsVisible = 0;
			defaultConfigurationName = Release;
		};
/* End XCConfigurationList section */

/* Begin XCRemoteSwiftPackageReference section */
		EF8BC2602B63090E00D3D98F /* XCRemoteSwiftPackageReference "Kingfisher" */ = {
			isa = XCRemoteSwiftPackageReference;
			repositoryURL = "https://github.com/onevcat/Kingfisher";
			requirement = {
				kind = upToNextMajorVersion;
				minimumVersion = 7.0.0;
			};
		};
/* End XCRemoteSwiftPackageReference section */

/* Begin XCSwiftPackageProductDependency section */
		EF8BC2612B63090F00D3D98F /* Kingfisher */ = {
			isa = XCSwiftPackageProductDependency;
			package = EF8BC2602B63090E00D3D98F /* XCRemoteSwiftPackageReference "Kingfisher" */;
			productName = Kingfisher;
		};
/* End XCSwiftPackageProductDependency section */
	};
	rootObject = EF8BC2442B63061100D3D98F /* Project object */;
}
